{
  "meteor": {},
  "dependencies": {
    "basePackages": {
      "iron-router": {},
      "bootstrap-3": {},
      "datatables": {},
      "SlickGrid": {},
      "jqueryui": {},
      "Handsontable": {},
      "dash": {
        "path": "packages/dash"
      },
      "jquery-ui-bootstrap": {},
      "datamate": {
        "path": "packages/datamate"
      },
      "errors": {
        "path": "packages/errors"
      },
      "spin": {},
      "accounts-ui-bootstrap-dropdown": {},
      "reactive-table": {
        "path": "packages/reactive-table"
      }
    },
    "packages": {
      "iron-router": {
        "git": "https://github.com/EventedMind/iron-router.git",
        "tag": "v0.6.2",
        "commit": "ce56e58b45624dce992490f3a1c10f10d3948bae"
      },
      "bootstrap-3": {
        "git": "https://github.com/mangasocial/meteor-bootstrap-3.git",
        "tag": "v0.3.7",
        "commit": "5dd0d142c870647b910be80bc777b96f0dd45e5e"
      },
      "datatables": {
        "git": "https://github.com/TimHeckel/meteor-datatables.git",
        "tag": "v0.1.3",
        "commit": "86a9076d6c65df85b098fd214b0c0ca7a1b10269"
      },
      "SlickGrid": {
        "git": "https://github.com/dnprock/meteor-slickgrid.git",
        "tag": "v0.0.1",
        "commit": "e722087ad72f1df7ca9dda3ddaa73d567ad741b4"
      },
      "jqueryui": {
        "git": "https://github.com/mizzao/meteor-jqueryui.git",
        "tag": "v1.10.3r2",
        "commit": "d54f75cfad37ff8ce6ef9ad49de55738ba921af7"
      },
      "Handsontable": {
        "git": "https://github.com/olragon/meteor-handsontable.git",
        "tag": "v0.9.9",
        "commit": "4b86606255d20bb69ae033800406bee6d8ed83a8"
      },
      "dash": {
        "path": "packages/dash"
      },
      "jquery-ui-bootstrap": {
        "git": "https://github.com/TimHeckel/meteor-jquery-ui-bootstrap.git",
        "tag": "v0.1.2",
        "commit": "fa742a85639307003e105898e15b631394b63509"
      },
      "datamate": {
        "path": "packages/datamate"
      },
      "errors": {
        "path": "packages/errors"
      },
      "spin": {
        "git": "https://github.com/SachaG/meteor-spin.git",
        "tag": "v0.2.2",
        "commit": "3f655f0016228e4195acc784c45d3e3a247dc39f"
      },
      "accounts-ui-bootstrap-dropdown": {
        "git": "https://github.com/erobit/meteor-accounts-ui-bootstrap-dropdown.git",
        "tag": "v0.6.5.1",
        "commit": "c8b29d2e7f8611d6dec9d6d23c1c2b94e000b0fb"
      },
      "reactive-table": {
        "path": "packages/reactive-table"
      },
      "build-fetcher": {
        "git": "https://github.com/mizzao/meteor-build-fetcher.git",
        "tag": "v0.1.0",
        "commit": "e3813b1fc7f5c576e8e1fa4c51ae6f4687780a35"
      },
      "jquery-ui": {
        "git": "https://github.com/TimHeckel/meteor-jquery-ui.git",
        "tag": "v1.9.2",
        "commit": "c437d45edcf1367df8d5ffa8bad2867758030bd2"
      }
    }
  }
}
